
Microsoft Visual Studio Solution File, Format Version 12.00
# Visual Studio Version 17
VisualStudioVersion = 17.6.33829.357
MinimumVisualStudioVersion = 10.0.40219.1
Project("{FAE04EC0-301F-11D3-BF4B-00C04F79EFBC}") = "13_1", "13_1\13_1.csproj", "{6E21854B-7A02-438A-9B29-D4E852F0E499}"
EndProject
Project("{FAE04EC0-301F-11D3-BF4B-00C04F79EFBC}") = "13_1_1", "13_1_1\13_1_1.csproj", "{FC5D9FF1-611E-42EF-BF71-8E272D5AF585}"
EndProject
Global
	GlobalSection(SolutionConfigurationPlatforms) = preSolution
		Debug|Any CPU = Debug|Any CPU
		Release|Any CPU = Release|Any CPU
	EndGlobalSection
	GlobalSection(ProjectConfigurationPlatforms) = postSolution
		{6E21854B-7A02-438A-9B29-D4E852F0E499}.Debug|Any CPU.ActiveCfg = Debug|Any CPU
		{6E21854B-7A02-438A-9B29-D4E852F0E499}.Debug|Any CPU.Build.0 = Debug|Any CPU
		{6E21854B-7A02-438A-9B29-D4E852F0E499}.Release|Any CPU.ActiveCfg = Release|Any CPU
		{6E21854B-7A02-438A-9B29-D4E852F0E499}.Release|Any CPU.Build.0 = Release|Any CPU
		{FC5D9FF1-611E-42EF-BF71-8E272D5AF585}.Debug|Any CPU.ActiveCfg = Debug|Any CPU
		{FC5D9FF1-611E-42EF-BF71-8E272D5AF585}.Debug|Any CPU.Build.0 = Debug|Any CPU
		{FC5D9FF1-611E-42EF-BF71-8E272D5AF585}.Release|Any CPU.ActiveCfg = Release|Any CPU
		{FC5D9FF1-611E-42EF-BF71-8E272D5AF585}.Release|Any CPU.Build.0 = Release|Any CPU
	EndGlobalSection
	GlobalSection(SolutionProperties) = preSolution
		HideSolutionNode = FALSE
	EndGlobalSection
	GlobalSection(ExtensibilityGlobals) = postSolution
		SolutionGuid = {35B9918E-BCEF-4081-A4C5-A4C5A6A5CDB2}
	EndGlobalSection
EndGlobal
