
Microsoft Visual Studio Solution File, Format Version 12.00
# Visual Studio Version 17
VisualStudioVersion = 17.6.33829.357
MinimumVisualStudioVersion = 10.0.40219.1
Project("{FAE04EC0-301F-11D3-BF4B-00C04F79EFBC}") = "1.1", "13_1\1.1.csproj", "{6E21854B-7A02-438A-9B29-D4E852F0E499}"
EndProject
Project("{FAE04EC0-301F-11D3-BF4B-00C04F79EFBC}") = "1.1.1", "13_1_1\1.1.1.csproj", "{FC5D9FF1-611E-42EF-BF71-8E272D5AF585}"
EndProject
Project("{FAE04EC0-301F-11D3-BF4B-00C04F79EFBC}") = "1.2", "13_2\1.2.csproj", "{56B23F66-E92F-4015-A171-A1E06E9440FD}"
EndProject
Project("{FAE04EC0-301F-11D3-BF4B-00C04F79EFBC}") = "1.3", "13_2_1\1.3.csproj", "{B4A392EA-9586-4031-ABA4-57C99347C1BA}"
EndProject
Project("{FAE04EC0-301F-11D3-BF4B-00C04F79EFBC}") = "1.4", "13_4\1.4.csproj", "{427A32B5-1FD2-42B7-9C29-5A178468ECA4}"
EndProject
Project("{FAE04EC0-301F-11D3-BF4B-00C04F79EFBC}") = "2.1", "2.13_5\2.1.csproj", "{D23A8A5E-3FEF-43A7-B3FF-18482E87AE93}"
EndProject
Project("{FAE04EC0-301F-11D3-BF4B-00C04F79EFBC}") = "2.2", "2.13.6\2.2.csproj", "{9DB9FA11-E58E-4BBE-86EE-52DEFC4576BB}"
EndProject
Project("{FAE04EC0-301F-11D3-BF4B-00C04F79EFBC}") = "2.3", "2.13_7\2.3.csproj", "{A7E8FA33-B70A-4E01-B4A5-F41DC0CCB48C}"
EndProject
Project("{FAE04EC0-301F-11D3-BF4B-00C04F79EFBC}") = "3.1", "3.13_8\3.1.csproj", "{B2D8B811-225E-4503-913C-8D3ABA12082F}"
EndProject
Project("{FAE04EC0-301F-11D3-BF4B-00C04F79EFBC}") = "3.2", "3.13_9\3.2.csproj", "{C5013122-3C52-4BAE-BFED-16498E5C8C6B}"
EndProject
Project("{FAE04EC0-301F-11D3-BF4B-00C04F79EFBC}") = "3.3", "3.19_10\3.3.csproj", "{DD9A0D1A-1063-4EB5-9D7F-4167F6A35DE4}"
EndProject
Project("{FAE04EC0-301F-11D3-BF4B-00C04F79EFBC}") = "3.4", "3.19_11\3.4.csproj", "{7BFA0577-F95D-4253-8831-E267F857E644}"
EndProject
Project("{FAE04EC0-301F-11D3-BF4B-00C04F79EFBC}") = "3.5", "3.19_20\3.5.csproj", "{1442472D-F196-4FCC-BD2C-0353A66F903D}"
EndProject
Project("{FAE04EC0-301F-11D3-BF4B-00C04F79EFBC}") = "3.6", "3.13_21\3.6.csproj", "{5560616D-4EF4-446D-A306-FEA5172E6644}"
EndProject
Global
	GlobalSection(SolutionConfigurationPlatforms) = preSolution
		Debug|Any CPU = Debug|Any CPU
		Release|Any CPU = Release|Any CPU
	EndGlobalSection
	GlobalSection(ProjectConfigurationPlatforms) = postSolution
		{6E21854B-7A02-438A-9B29-D4E852F0E499}.Debug|Any CPU.ActiveCfg = Debug|Any CPU
		{6E21854B-7A02-438A-9B29-D4E852F0E499}.Debug|Any CPU.Build.0 = Debug|Any CPU
		{6E21854B-7A02-438A-9B29-D4E852F0E499}.Release|Any CPU.ActiveCfg = Release|Any CPU
		{6E21854B-7A02-438A-9B29-D4E852F0E499}.Release|Any CPU.Build.0 = Release|Any CPU
		{FC5D9FF1-611E-42EF-BF71-8E272D5AF585}.Debug|Any CPU.ActiveCfg = Debug|Any CPU
		{FC5D9FF1-611E-42EF-BF71-8E272D5AF585}.Debug|Any CPU.Build.0 = Debug|Any CPU
		{FC5D9FF1-611E-42EF-BF71-8E272D5AF585}.Release|Any CPU.ActiveCfg = Release|Any CPU
		{FC5D9FF1-611E-42EF-BF71-8E272D5AF585}.Release|Any CPU.Build.0 = Release|Any CPU
		{56B23F66-E92F-4015-A171-A1E06E9440FD}.Debug|Any CPU.ActiveCfg = Debug|Any CPU
		{56B23F66-E92F-4015-A171-A1E06E9440FD}.Debug|Any CPU.Build.0 = Debug|Any CPU
		{56B23F66-E92F-4015-A171-A1E06E9440FD}.Release|Any CPU.ActiveCfg = Release|Any CPU
		{56B23F66-E92F-4015-A171-A1E06E9440FD}.Release|Any CPU.Build.0 = Release|Any CPU
		{B4A392EA-9586-4031-ABA4-57C99347C1BA}.Debug|Any CPU.ActiveCfg = Debug|Any CPU
		{B4A392EA-9586-4031-ABA4-57C99347C1BA}.Debug|Any CPU.Build.0 = Debug|Any CPU
		{B4A392EA-9586-4031-ABA4-57C99347C1BA}.Release|Any CPU.ActiveCfg = Release|Any CPU
		{B4A392EA-9586-4031-ABA4-57C99347C1BA}.Release|Any CPU.Build.0 = Release|Any CPU
		{427A32B5-1FD2-42B7-9C29-5A178468ECA4}.Debug|Any CPU.ActiveCfg = Debug|Any CPU
		{427A32B5-1FD2-42B7-9C29-5A178468ECA4}.Debug|Any CPU.Build.0 = Debug|Any CPU
		{427A32B5-1FD2-42B7-9C29-5A178468ECA4}.Release|Any CPU.ActiveCfg = Release|Any CPU
		{427A32B5-1FD2-42B7-9C29-5A178468ECA4}.Release|Any CPU.Build.0 = Release|Any CPU
		{D23A8A5E-3FEF-43A7-B3FF-18482E87AE93}.Debug|Any CPU.ActiveCfg = Debug|Any CPU
		{D23A8A5E-3FEF-43A7-B3FF-18482E87AE93}.Debug|Any CPU.Build.0 = Debug|Any CPU
		{D23A8A5E-3FEF-43A7-B3FF-18482E87AE93}.Release|Any CPU.ActiveCfg = Release|Any CPU
		{D23A8A5E-3FEF-43A7-B3FF-18482E87AE93}.Release|Any CPU.Build.0 = Release|Any CPU
		{9DB9FA11-E58E-4BBE-86EE-52DEFC4576BB}.Debug|Any CPU.ActiveCfg = Debug|Any CPU
		{9DB9FA11-E58E-4BBE-86EE-52DEFC4576BB}.Debug|Any CPU.Build.0 = Debug|Any CPU
		{9DB9FA11-E58E-4BBE-86EE-52DEFC4576BB}.Release|Any CPU.ActiveCfg = Release|Any CPU
		{9DB9FA11-E58E-4BBE-86EE-52DEFC4576BB}.Release|Any CPU.Build.0 = Release|Any CPU
		{A7E8FA33-B70A-4E01-B4A5-F41DC0CCB48C}.Debug|Any CPU.ActiveCfg = Debug|Any CPU
		{A7E8FA33-B70A-4E01-B4A5-F41DC0CCB48C}.Debug|Any CPU.Build.0 = Debug|Any CPU
		{A7E8FA33-B70A-4E01-B4A5-F41DC0CCB48C}.Release|Any CPU.ActiveCfg = Release|Any CPU
		{A7E8FA33-B70A-4E01-B4A5-F41DC0CCB48C}.Release|Any CPU.Build.0 = Release|Any CPU
		{B2D8B811-225E-4503-913C-8D3ABA12082F}.Debug|Any CPU.ActiveCfg = Debug|Any CPU
		{B2D8B811-225E-4503-913C-8D3ABA12082F}.Debug|Any CPU.Build.0 = Debug|Any CPU
		{B2D8B811-225E-4503-913C-8D3ABA12082F}.Release|Any CPU.ActiveCfg = Release|Any CPU
		{B2D8B811-225E-4503-913C-8D3ABA12082F}.Release|Any CPU.Build.0 = Release|Any CPU
		{C5013122-3C52-4BAE-BFED-16498E5C8C6B}.Debug|Any CPU.ActiveCfg = Debug|Any CPU
		{C5013122-3C52-4BAE-BFED-16498E5C8C6B}.Debug|Any CPU.Build.0 = Debug|Any CPU
		{C5013122-3C52-4BAE-BFED-16498E5C8C6B}.Release|Any CPU.ActiveCfg = Release|Any CPU
		{C5013122-3C52-4BAE-BFED-16498E5C8C6B}.Release|Any CPU.Build.0 = Release|Any CPU
		{DD9A0D1A-1063-4EB5-9D7F-4167F6A35DE4}.Debug|Any CPU.ActiveCfg = Debug|Any CPU
		{DD9A0D1A-1063-4EB5-9D7F-4167F6A35DE4}.Debug|Any CPU.Build.0 = Debug|Any CPU
		{DD9A0D1A-1063-4EB5-9D7F-4167F6A35DE4}.Release|Any CPU.ActiveCfg = Release|Any CPU
		{DD9A0D1A-1063-4EB5-9D7F-4167F6A35DE4}.Release|Any CPU.Build.0 = Release|Any CPU
		{7BFA0577-F95D-4253-8831-E267F857E644}.Debug|Any CPU.ActiveCfg = Debug|Any CPU
		{7BFA0577-F95D-4253-8831-E267F857E644}.Debug|Any CPU.Build.0 = Debug|Any CPU
		{7BFA0577-F95D-4253-8831-E267F857E644}.Release|Any CPU.ActiveCfg = Release|Any CPU
		{7BFA0577-F95D-4253-8831-E267F857E644}.Release|Any CPU.Build.0 = Release|Any CPU
		{1442472D-F196-4FCC-BD2C-0353A66F903D}.Debug|Any CPU.ActiveCfg = Debug|Any CPU
		{1442472D-F196-4FCC-BD2C-0353A66F903D}.Debug|Any CPU.Build.0 = Debug|Any CPU
		{1442472D-F196-4FCC-BD2C-0353A66F903D}.Release|Any CPU.ActiveCfg = Release|Any CPU
		{1442472D-F196-4FCC-BD2C-0353A66F903D}.Release|Any CPU.Build.0 = Release|Any CPU
		{5560616D-4EF4-446D-A306-FEA5172E6644}.Debug|Any CPU.ActiveCfg = Debug|Any CPU
		{5560616D-4EF4-446D-A306-FEA5172E6644}.Debug|Any CPU.Build.0 = Debug|Any CPU
		{5560616D-4EF4-446D-A306-FEA5172E6644}.Release|Any CPU.ActiveCfg = Release|Any CPU
		{5560616D-4EF4-446D-A306-FEA5172E6644}.Release|Any CPU.Build.0 = Release|Any CPU
	EndGlobalSection
	GlobalSection(SolutionProperties) = preSolution
		HideSolutionNode = FALSE
	EndGlobalSection
	GlobalSection(ExtensibilityGlobals) = postSolution
		SolutionGuid = {35B9918E-BCEF-4081-A4C5-A4C5A6A5CDB2}
	EndGlobalSection
EndGlobal
